
Microsoft Visual Studio Solution File, Format Version 12.00
# Visual Studio 15
VisualStudioVersion = 15.0.28307.1145
MinimumVisualStudioVersion = 10.0.40219.1
Project("{FAE04EC0-301F-11D3-BF4B-00C04F79EFBC}") = "DGSerial", "DGSerial\DGSerial.csproj", "{FBE58EBF-EC13-474C-9049-EAC8943FE30F}"
EndProject
Project("{FAE04EC0-301F-11D3-BF4B-00C04F79EFBC}") = "DGSerial.Test", "DGSerial.Test\DGSerial.Test.csproj", "{F8C35F3B-5FB6-4B56-BF76-68A106A72F08}"
EndProject
Global
	GlobalSection(SolutionConfigurationPlatforms) = preSolution
		Debug|Any CPU = Debug|Any CPU
		Release|Any CPU = Release|Any CPU
	EndGlobalSection
	GlobalSection(ProjectConfigurationPlatforms) = postSolution
		{FBE58EBF-EC13-474C-9049-EAC8943FE30F}.Debug|Any CPU.ActiveCfg = Debug|Any CPU
		{FBE58EBF-EC13-474C-9049-EAC8943FE30F}.Debug|Any CPU.Build.0 = Debug|Any CPU
		{FBE58EBF-EC13-474C-9049-EAC8943FE30F}.Release|Any CPU.ActiveCfg = Release|Any CPU
		{FBE58EBF-EC13-474C-9049-EAC8943FE30F}.Release|Any CPU.Build.0 = Release|Any CPU
		{F8C35F3B-5FB6-4B56-BF76-68A106A72F08}.Debug|Any CPU.ActiveCfg = Debug|Any CPU
		{F8C35F3B-5FB6-4B56-BF76-68A106A72F08}.Debug|Any CPU.Build.0 = Debug|Any CPU
		{F8C35F3B-5FB6-4B56-BF76-68A106A72F08}.Release|Any CPU.ActiveCfg = Release|Any CPU
		{F8C35F3B-5FB6-4B56-BF76-68A106A72F08}.Release|Any CPU.Build.0 = Release|Any CPU
	EndGlobalSection
	GlobalSection(SolutionProperties) = preSolution
		HideSolutionNode = FALSE
	EndGlobalSection
	GlobalSection(ExtensibilityGlobals) = postSolution
		SolutionGuid = {E6DFECBD-7745-40A4-8809-5E426BB06668}
	EndGlobalSection
EndGlobal
